# THIS IS AN AUTOGENERATED FILE. DO NOT EDIT THIS FILE DIRECTLY.
# yarn lockfile v1


"@dicebear/adventurer-neutral@9.2.2":
  version "9.2.2"
  resolved "https://registry.yarnpkg.com/@dicebear/adventurer-neutral/-/adventurer-neutral-9.2.2.tgz#2831c34c6e8818a319478b15b6b1741b95ef5bdb"
  integrity sha512-XVAjhUWjav6luTZ7txz8zVJU/H0DiUy4uU1Z7IO5MDO6kWvum+If1+0OUgEWYZwM+RDI7rt2CgVP910DyZGd1w==

"@dicebear/adventurer@9.2.2":
  version "9.2.2"
  resolved "https://registry.yarnpkg.com/@dicebear/adventurer/-/adventurer-9.2.2.tgz#cac7dddbd743078942df1391370191cbd235dde2"
  integrity sha512-WjBXCP9EXbUul2zC3BS2/R3/4diw1uh/lU4jTEnujK1mhqwIwanFboIMzQsasNNL/xf+m3OHN7MUNJfHZ1fLZA==

"@dicebear/avataaars-neutral@9.2.2":
  version "9.2.2"
  resolved "https://registry.yarnpkg.com/@dicebear/avataaars-neutral/-/avataaars-neutral-9.2.2.tgz#513369601d3e491b303c0760479da92b3f131883"
  integrity sha512-pRj16P27dFDBI3LtdiHUDwIXIGndHAbZf5AxaMkn6/+0X93mVQ/btVJDXyW0G96WCsyC88wKAWr6/KJotPxU6Q==

"@dicebear/avataaars@9.2.2":
  version "9.2.2"
  resolved "https://registry.yarnpkg.com/@dicebear/avataaars/-/avataaars-9.2.2.tgz#0c072c410ec5fdb8b5c5c7d440d038b02a42669e"
  integrity sha512-WqJPQEt0OhBybTpI0TqU1uD1pSk9M2+VPIwvBye/dXo46b+0jHGpftmxjQwk6tX8z0+mRko8pwV5n+cWht1/+w==

"@dicebear/big-ears-neutral@9.2.2":
  version "9.2.2"
  resolved "https://registry.yarnpkg.com/@dicebear/big-ears-neutral/-/big-ears-neutral-9.2.2.tgz#98906d453f49896f948b0d6d93c07e95ad057a9a"
  integrity sha512-IPHt8fi3dv9cyfBJBZ4s8T+PhFCrQvOCf91iRHBT3iOLNPdyZpI5GNLmGiV0XMAvIDP5NvA5+f6wdoBLhYhbDA==

"@dicebear/big-ears@9.2.2":
  version "9.2.2"
  resolved "https://registry.yarnpkg.com/@dicebear/big-ears/-/big-ears-9.2.2.tgz#66866ac6cfc4174ad875051892e40999e2f294a6"
  integrity sha512-hz4UXdPq4qqZpu0YVvlqM4RDFhk5i0WgPcuwj/MOLlgTjuj63uHUhCQSk6ZiW1DQOs12qpwUBMGWVHxBRBas9g==

"@dicebear/big-smile@9.2.2":
  version "9.2.2"
  resolved "https://registry.yarnpkg.com/@dicebear/big-smile/-/big-smile-9.2.2.tgz#6ba6b385c16da3f94ae414b641848cbd498e13bb"
  integrity sha512-D4td0GL8or1nTNnXvZqkEXlzyqzGPWs3znOnm1HIohtFTeIwXm72Ob2lNDsaQJSJvXmVlwaQQ0CCTvyCl8Stjw==

"@dicebear/bottts-neutral@9.2.2":
  version "9.2.2"
  resolved "https://registry.yarnpkg.com/@dicebear/bottts-neutral/-/bottts-neutral-9.2.2.tgz#6e48ba93d69f7d5f82a743834b7972e5c1c8d967"
  integrity sha512-lSgpqmSJtlnyxVuUgNdBwyzuA0O9xa5zRJtz7x2KyWbicXir5iYdX0MVMCkp1EDvlcxm9rGJsclktugOyakTlw==

"@dicebear/bottts@9.2.2":
  version "9.2.2"
  resolved "https://registry.yarnpkg.com/@dicebear/bottts/-/bottts-9.2.2.tgz#8f2587469a5f6fe1a69c4b4ef5504455c3a4dd68"
  integrity sha512-wugFkzw8JNWV1nftq/Wp/vmQsLAXDxrMtRK3AoMODuUpSVoP3EHRUfKS043xggOsQFvoj0HZ7kadmhn0AMLf5A==

"@dicebear/collection@^9.2.2":
  version "9.2.2"
  resolved "https://registry.yarnpkg.com/@dicebear/collection/-/collection-9.2.2.tgz#1f8affc2c19c670b7696e7c23a2fe4072dc64af4"
  integrity sha512-vZAmXhPWCK3sf8Fj9/QflFC6XOLroJOT5K1HdnzHaPboEvffUQideGCrrEamnJtlH0iF0ZDXh8gqmwy2fu+yHA==
  dependencies:
    "@dicebear/adventurer" "9.2.2"
    "@dicebear/adventurer-neutral" "9.2.2"
    "@dicebear/avataaars" "9.2.2"
    "@dicebear/avataaars-neutral" "9.2.2"
    "@dicebear/big-ears" "9.2.2"
    "@dicebear/big-ears-neutral" "9.2.2"
    "@dicebear/big-smile" "9.2.2"
    "@dicebear/bottts" "9.2.2"
    "@dicebear/bottts-neutral" "9.2.2"
    "@dicebear/croodles" "9.2.2"
    "@dicebear/croodles-neutral" "9.2.2"
    "@dicebear/dylan" "9.2.2"
    "@dicebear/fun-emoji" "9.2.2"
    "@dicebear/glass" "9.2.2"
    "@dicebear/icons" "9.2.2"
    "@dicebear/identicon" "9.2.2"
    "@dicebear/initials" "9.2.2"
    "@dicebear/lorelei" "9.2.2"
    "@dicebear/lorelei-neutral" "9.2.2"
    "@dicebear/micah" "9.2.2"
    "@dicebear/miniavs" "9.2.2"
    "@dicebear/notionists" "9.2.2"
    "@dicebear/notionists-neutral" "9.2.2"
    "@dicebear/open-peeps" "9.2.2"
    "@dicebear/personas" "9.2.2"
    "@dicebear/pixel-art" "9.2.2"
    "@dicebear/pixel-art-neutral" "9.2.2"
    "@dicebear/rings" "9.2.2"
    "@dicebear/shapes" "9.2.2"
    "@dicebear/thumbs" "9.2.2"

"@dicebear/core@^9.2.2":
  version "9.2.2"
  resolved "https://registry.yarnpkg.com/@dicebear/core/-/core-9.2.2.tgz#dcaf941e4d9e79046d466b3197dfa3393288e5b2"
  integrity sha512-ROhgHG249dPtcXgBHcqPEsDeAPRPRD/9d+tZCjLYyueO+cXDlIA8dUlxpwIVcOuZFvCyW6RJtqo8BhNAi16pIQ==
  dependencies:
    "@types/json-schema" "^7.0.11"

"@dicebear/croodles-neutral@9.2.2":
  version "9.2.2"
  resolved "https://registry.yarnpkg.com/@dicebear/croodles-neutral/-/croodles-neutral-9.2.2.tgz#8eec838892dd5c9d8646fea7b46b57fe6ce3cf78"
  integrity sha512-/4mNirxoQ+z1kHXnpDRbJ1JV1ZgXogeTeNp0MaFYxocCgHfJ7ckNM23EE1I7akoo9pqPxrKlaeNzGAjKHdS9vA==

"@dicebear/croodles@9.2.2":
  version "9.2.2"
  resolved "https://registry.yarnpkg.com/@dicebear/croodles/-/croodles-9.2.2.tgz#7b2e2b1337bde23b582a8f5a04ef334f4f8c898a"
  integrity sha512-OzvAXQWsOgMwL3Sl+lBxCubqSOWoBJpC78c4TKnNTS21rR63TtXUyVdLLzgKVN4YHRnvMgtPf8F/W9YAgIDK4w==

"@dicebear/dylan@9.2.2":
  version "9.2.2"
  resolved "https://registry.yarnpkg.com/@dicebear/dylan/-/dylan-9.2.2.tgz#5ad87ae8c36f4edfffd87ab5fdf0fb4570ba682e"
  integrity sha512-s7e3XliC1YXP+Wykj+j5kwdOWFRXFzYHYk/PB4oZ1F3sJandXiG0HS4chaNu4EoP0yZgKyFMUVTGZx+o6tMaYg==

"@dicebear/fun-emoji@9.2.2":
  version "9.2.2"
  resolved "https://registry.yarnpkg.com/@dicebear/fun-emoji/-/fun-emoji-9.2.2.tgz#9f6786dc96068e1c8728765e675ddc8c6201bc77"
  integrity sha512-M+rYTpB3lfwz18f+/i+ggNwNWUoEj58SJqXJ1wr7Jh/4E5uL+NmJg9JGwYNaVtGbCFrKAjSaILNUWGQSFgMfog==

"@dicebear/glass@9.2.2":
  version "9.2.2"
  resolved "https://registry.yarnpkg.com/@dicebear/glass/-/glass-9.2.2.tgz#6c878fb8d2f380e3797c51d322b0dd013ea4b4b6"
  integrity sha512-imCMxcg+XScHYtQq2MUv1lCzhQSCUglMlPSezKEpXhTxgbgUpmGlSGVkOfmX5EEc7SQowKkF1W/1gNk6CXvBaQ==

"@dicebear/icons@9.2.2":
  version "9.2.2"
  resolved "https://registry.yarnpkg.com/@dicebear/icons/-/icons-9.2.2.tgz#c56168b574829a988105e360bc379868227d925e"
  integrity sha512-Tqq2OVCdS7J02DNw58xwlgLGl40sWEckbqXT3qRvIF63FfVq+wQZBGuhuiyAURcSgvsc3h2oQeYFi9iXh7HTOA==

"@dicebear/identicon@9.2.2":
  version "9.2.2"
  resolved "https://registry.yarnpkg.com/@dicebear/identicon/-/identicon-9.2.2.tgz#9210f5bf117b568ea59a30f3290ad55d8ab93087"
  integrity sha512-POVKFulIrcuZf3rdAgxYaSm2XUg/TJg3tg9zq9150reEGPpzWR7ijyJ03dzAADPzS3DExfdYVT9+z3JKwwJnTQ==

"@dicebear/initials@9.2.2", "@dicebear/initials@^9.2.2":
  version "9.2.2"
  resolved "https://registry.yarnpkg.com/@dicebear/initials/-/initials-9.2.2.tgz#f55fbcaa1a701b4c99251298f2e4c76e3ce8a260"
  integrity sha512-/xNnsEmsstWjmF77htAOuwOMhFlP6eBVXgcgFlTl/CCH/Oc6H7t0vwX1he8KLQBBzjGpvJcvIAn4Wh9rE4D5/A==

"@dicebear/lorelei-neutral@9.2.2":
  version "9.2.2"
  resolved "https://registry.yarnpkg.com/@dicebear/lorelei-neutral/-/lorelei-neutral-9.2.2.tgz#c7efaa5f4c7784863929a3b162a6c880920426ec"
  integrity sha512-Eys9Os6nt2Xll7Mvu66CfRR2YggTopWcmFcRZ9pPdohS96kT0MsLI2iTcfZXQ51K8hvT3IbwoGc86W8n0cDxAQ==

"@dicebear/lorelei@9.2.2":
  version "9.2.2"
  resolved "https://registry.yarnpkg.com/@dicebear/lorelei/-/lorelei-9.2.2.tgz#2be5e72f8bd8bdae90e005e743872f563e825965"
  integrity sha512-koXqVr/vcWUPo00VP5H6Czsit+uF1tmwd2NK7Q/e34/9Sd1f4QLLxHjjBNm/iNjCI1+UNTOvZ2Qqu0N5eo7Flw==

"@dicebear/micah@9.2.2":
  version "9.2.2"
  resolved "https://registry.yarnpkg.com/@dicebear/micah/-/micah-9.2.2.tgz#8cded41bc857089b6df7530b81f20cf43e5dc7be"
  integrity sha512-NCajcJV5yw8uMKiACp694w1T/UyYme2CUEzyTzWHgWnQ+drAuCcH8gpAoLWd67viNdQB/MTpNlaelUgTjmI4AQ==

"@dicebear/miniavs@9.2.2":
  version "9.2.2"
  resolved "https://registry.yarnpkg.com/@dicebear/miniavs/-/miniavs-9.2.2.tgz#b588faf88c4dbfc8ab9de31da364b2bb31dcad5b"
  integrity sha512-vvkWXttdw+KHF3j+9qcUFzK+P0nbNnImGjvN48wwkPIh2h08WWFq0MnoOls4IHwUJC4GXBjWtiyVoCxz6hhtOA==

"@dicebear/notionists-neutral@9.2.2":
  version "9.2.2"
  resolved "https://registry.yarnpkg.com/@dicebear/notionists-neutral/-/notionists-neutral-9.2.2.tgz#d7b7fb70a742e528ec67bbf9fe608af51406a0fc"
  integrity sha512-AhOzk+lz6kB4uxGun8AJhV+W1nttnMlxmxd+5KbQ/txCIziYIaeD3il44wsAGegEpGFvAZyMYtR/jjfHcem3TA==

"@dicebear/notionists@9.2.2":
  version "9.2.2"
  resolved "https://registry.yarnpkg.com/@dicebear/notionists/-/notionists-9.2.2.tgz#d70b86392a0830351f026d6893380e8c7bf87467"
  integrity sha512-Z9orRaHoj7Y9Ap4wEu8XOrFACsG1KbbBQUPV1R50uh6AHwsyNrm4cS84ICoGLvxgLNHHOae3YCjd8aMu2z19zg==

"@dicebear/open-peeps@9.2.2":
  version "9.2.2"
  resolved "https://registry.yarnpkg.com/@dicebear/open-peeps/-/open-peeps-9.2.2.tgz#6f7aa648f02f8a0f24107b1ffcd462c8a065f3eb"
  integrity sha512-6PeQDHYyjvKrGSl/gP+RE5dSYAQGKpcGnM65HorgyTIugZK7STo0W4hvEycedupZ3MCCEH8x/XyiChKM2sHXog==

"@dicebear/personas@9.2.2":
  version "9.2.2"
  resolved "https://registry.yarnpkg.com/@dicebear/personas/-/personas-9.2.2.tgz#02b6787d91d1af4ab358eb5a49fb30f40b9a62a3"
  integrity sha512-705+ObNLC0w1fcgE/Utav+8bqO+Esu53TXegpX5j7trGEoIMf2bThqJGHuhknZ3+T2az3Wr89cGyOGlI0KLzLA==

"@dicebear/pixel-art-neutral@9.2.2":
  version "9.2.2"
  resolved "https://registry.yarnpkg.com/@dicebear/pixel-art-neutral/-/pixel-art-neutral-9.2.2.tgz#2772edbff67fc993ecc9eb2c3099246f7a212f88"
  integrity sha512-CdUY77H6Aj7dKLW3hdkv7tu0XQJArUjaWoXihQxlhl3oVYplWaoyu9omYy5pl8HTqs8YgVTGljjMXYoFuK0JUw==

"@dicebear/pixel-art@9.2.2":
  version "9.2.2"
  resolved "https://registry.yarnpkg.com/@dicebear/pixel-art/-/pixel-art-9.2.2.tgz#6416f61e1c2825db516b6c467ce47596f9f865b8"
  integrity sha512-BvbFdrpzQl04+Y9UsWP63YGug+ENGC7GMG88qbEFWxb/IqRavGa4H3D0T4Zl2PSLiw7f2Ctv98bsCQZ1PtCznQ==

"@dicebear/rings@9.2.2":
  version "9.2.2"
  resolved "https://registry.yarnpkg.com/@dicebear/rings/-/rings-9.2.2.tgz#731b55b4a1442ae3edf89387841dc147181906a6"
  integrity sha512-eD1J1k364Arny+UlvGrk12HP/XGG6WxPSm4BarFqdJGSV45XOZlwqoi7FlcMr9r9yvE/nGL8OizbwMYusEEdjw==

"@dicebear/shapes@9.2.2":
  version "9.2.2"
  resolved "https://registry.yarnpkg.com/@dicebear/shapes/-/shapes-9.2.2.tgz#440d1d97882bd476499d95e5180c04e30d721bc1"
  integrity sha512-e741NNWBa7fg0BjomxXa0fFPME2XCIR0FA+VHdq9AD2taTGHEPsg5x1QJhCRdK6ww85yeu3V3ucpZXdSrHVw5Q==

"@dicebear/thumbs@9.2.2":
  version "9.2.2"
  resolved "https://registry.yarnpkg.com/@dicebear/thumbs/-/thumbs-9.2.2.tgz#234814c889509682992bd3f93daaa960cb5326a2"
  integrity sha512-FkPLDNu7n5kThLSk7lR/0cz/NkUqgGdZGfLZv6fLkGNGtv6W+e2vZaO7HCXVwIgJ+II+kImN41zVIZ6Jlll7pQ==

"@types/json-schema@^7.0.11":
  version "7.0.15"
  resolved "https://registry.yarnpkg.com/@types/json-schema/-/json-schema-7.0.15.tgz#596a1747233694d50f6ad8a7869fcb6f56cf5841"
  integrity sha512-5+fP8P8MFNC+AyZCDxrB2pkZFPGzqQWUzpSeuuVLvm8VMcorNYavBqoFcxK8bQz4Qsbn4oUEEem4wDLfcysGHA==

boring-avatars@^1.11.2:
  version "1.11.2"
  resolved "https://registry.npmjs.org/boring-avatars/-/boring-avatars-1.11.2.tgz"
  integrity sha512-3+wkwPeObwS4R37FGXMYViqc4iTrIRj5yzfX9Qy4mnpZ26sX41dGMhsAgmKks1r/uufY1pl4vpgzMWHYfJRb2A==

daisyui@^5.0.43:
  version "5.0.43"
  resolved "https://registry.yarnpkg.com/daisyui/-/daisyui-5.0.43.tgz#9c1ce45c8967825dc88330f1dfdfcd670c60d8d9"
  integrity sha512-2pshHJ73vetSpsbAyaOncGnNYL0mwvgseS1EWy1I9Qpw8D11OuBoDNIWrPIME4UFcq2xuff3A9x+eXbuFR9fUQ==
